
Microsoft Visual Studio Solution File, Format Version 12.00
# Visual Studio Version 17
VisualStudioVersion = 17.7.34024.191
MinimumVisualStudioVersion = 10.0.40219.1
Project("{FAE04EC0-301F-11D3-BF4B-00C04F79EFBC}") = "MyTaskWebApi", "MyTaskWebApi\MyTaskWebApi.csproj", "{999E9694-1F31-4947-9D2E-CC346F7C0AB2}"
EndProject
Project("{FAE04EC0-301F-11D3-BF4B-00C04F79EFBC}") = "MyTaskWebApplication", "MyTaskWebApplication\MyTaskWebApplication.csproj", "{2E678758-993B-4E54-9790-D4D22DF430A6}"
EndProject
Project("{FAE04EC0-301F-11D3-BF4B-00C04F79EFBC}") = "MyTaskWebDomain", "MyTaskWebDomain\MyTaskWebDomain.csproj", "{24E2F96A-0B5C-4CC6-ADA0-049F9F579F75}"
EndProject
Global
	GlobalSection(SolutionConfigurationPlatforms) = preSolution
		Debug|Any CPU = Debug|Any CPU
		Release|Any CPU = Release|Any CPU
	EndGlobalSection
	GlobalSection(ProjectConfigurationPlatforms) = postSolution
		{999E9694-1F31-4947-9D2E-CC346F7C0AB2}.Debug|Any CPU.ActiveCfg = Debug|Any CPU
		{999E9694-1F31-4947-9D2E-CC346F7C0AB2}.Debug|Any CPU.Build.0 = Debug|Any CPU
		{999E9694-1F31-4947-9D2E-CC346F7C0AB2}.Release|Any CPU.ActiveCfg = Release|Any CPU
		{999E9694-1F31-4947-9D2E-CC346F7C0AB2}.Release|Any CPU.Build.0 = Release|Any CPU
		{2E678758-993B-4E54-9790-D4D22DF430A6}.Debug|Any CPU.ActiveCfg = Debug|Any CPU
		{2E678758-993B-4E54-9790-D4D22DF430A6}.Debug|Any CPU.Build.0 = Debug|Any CPU
		{2E678758-993B-4E54-9790-D4D22DF430A6}.Release|Any CPU.ActiveCfg = Release|Any CPU
		{2E678758-993B-4E54-9790-D4D22DF430A6}.Release|Any CPU.Build.0 = Release|Any CPU
		{24E2F96A-0B5C-4CC6-ADA0-049F9F579F75}.Debug|Any CPU.ActiveCfg = Debug|Any CPU
		{24E2F96A-0B5C-4CC6-ADA0-049F9F579F75}.Debug|Any CPU.Build.0 = Debug|Any CPU
		{24E2F96A-0B5C-4CC6-ADA0-049F9F579F75}.Release|Any CPU.ActiveCfg = Release|Any CPU
		{24E2F96A-0B5C-4CC6-ADA0-049F9F579F75}.Release|Any CPU.Build.0 = Release|Any CPU
	EndGlobalSection
	GlobalSection(SolutionProperties) = preSolution
		HideSolutionNode = FALSE
	EndGlobalSection
	GlobalSection(ExtensibilityGlobals) = postSolution
		SolutionGuid = {773E7A39-5AAD-4117-BE72-A26304503FD3}
	EndGlobalSection
EndGlobal
